
Microsoft Visual Studio Solution File, Format Version 12.00
# Visual Studio Version 17
VisualStudioVersion = 17.0.32126.317
MinimumVisualStudioVersion = 10.0.40219.1
Project("{FAE04EC0-301F-11D3-BF4B-00C04F79EFBC}") = "AreaOfCircle", "AreaOfCircle.csproj", "{326558BC-9143-411A-90E5-BD15F4523F5E}"
EndProject
Global
	GlobalSection(SolutionConfigurationPlatforms) = preSolution
		Debug|Any CPU = Debug|Any CPU
		Release|Any CPU = Release|Any CPU
	EndGlobalSection
	GlobalSection(ProjectConfigurationPlatforms) = postSolution
		{326558BC-9143-411A-90E5-BD15F4523F5E}.Debug|Any CPU.ActiveCfg = Debug|Any CPU
		{326558BC-9143-411A-90E5-BD15F4523F5E}.Debug|Any CPU.Build.0 = Debug|Any CPU
		{326558BC-9143-411A-90E5-BD15F4523F5E}.Release|Any CPU.ActiveCfg = Release|Any CPU
		{326558BC-9143-411A-90E5-BD15F4523F5E}.Release|Any CPU.Build.0 = Release|Any CPU
	EndGlobalSection
	GlobalSection(SolutionProperties) = preSolution
		HideSolutionNode = FALSE
	EndGlobalSection
	GlobalSection(ExtensibilityGlobals) = postSolution
		SolutionGuid = {94D6FD21-3ACB-43BB-9088-1A31A6ECCCF5}
	EndGlobalSection
EndGlobal
